codeberg.org/VerbTeam/AvatarCheck v0.0.0-20251025062348-91ffeae5cbb9 h1:vksmmALkNJi2QvLaOLJGIMC3jdInvuZJEX8FIHqNuqg=
codeberg.org/VerbTeam/AvatarCheck v0.0.0-20251025062348-91ffeae5cbb9/go.mod h1:d7+LUMUzXcnYRiBvQlFxRTr15+FqN3rNprWoMGdAA7Q=
codeberg.org/VerbTeam/WordsCheck v0.0.0-20251025061320-d50c3b1dbf99 h1:9wv0IkzrmMZgDHiCbs9ZigwbMpdKjv+zXVxPWvno/zE=
codeberg.org/VerbTeam/WordsCheck v0.0.0-20251025061320-d50c3b1dbf99/go.mod h1:5gotFY3v64fVJZYE6HLVhA/yJPvK4R2U0k3hMGT+Yh8=
